// !$*UTF8*$!
{
	archiveVersion = 1;
	classes = {
	};
	objectVersion = 46;
	objects = {

/* Begin PBXBuildFile section */
		961DD8EEE5654737BE60103B /* libPods.a in Frameworks */ = {isa = PBXBuildFile; fileRef = CD00BB3E762C434285D2C9C8 /* libPods.a */; };
		AD372E86170751E100D9AB38 /* Rdio.framework in Frameworks */ = {isa = PBXBuildFile; fileRef = AD372E85170751E100D9AB38 /* Rdio.framework */; };
		AD372E881707520B00D9AB38 /* CFNetwork.framework in Frameworks */ = {isa = PBXBuildFile; fileRef = AD372E871707520B00D9AB38 /* CFNetwork.framework */; };
		AD372E8A1707521100D9AB38 /* SystemConfiguration.framework in Frameworks */ = {isa = PBXBuildFile; fileRef = AD372E891707521100D9AB38 /* SystemConfiguration.framework */; };
		AD372E8C1707521600D9AB38 /* AudioToolbox.framework in Frameworks */ = {isa = PBXBuildFile; fileRef = AD372E8B1707521600D9AB38 /* AudioToolbox.framework */; };
		AD372E8E1707521B00D9AB38 /* Security.framework in Frameworks */ = {isa = PBXBuildFile; fileRef = AD372E8D1707521B00D9AB38 /* Security.framework */; };
		AD372E921707535700D9AB38 /* RVViewController.m in Sources */ = {isa = PBXBuildFile; fileRef = AD372E911707535700D9AB38 /* RVViewController.m */; };
		AD372E9A1707557D00D9AB38 /* RVRdioManager.m in Sources */ = {isa = PBXBuildFile; fileRef = AD372E991707557D00D9AB38 /* RVRdioManager.m */; };
		AD404CBB170757E000C6CF68 /* RVTrack.m in Sources */ = {isa = PBXBuildFile; fileRef = AD404CBA170757E000C6CF68 /* RVTrack.m */; };
		AD404CBF17075B3700C6CF68 /* RVEchonestAPI.m in Sources */ = {isa = PBXBuildFile; fileRef = AD404CBE17075B3700C6CF68 /* RVEchonestAPI.m */; };
		AD404CCE1707786C00C6CF68 /* PlayScreen_menu-background.png in Resources */ = {isa = PBXBuildFile; fileRef = AD404CCC1707786C00C6CF68 /* PlayScreen_menu-background.png */; };
		AD404CCF1707786C00C6CF68 /* PlayScreen_menu-background@2x.png in Resources */ = {isa = PBXBuildFile; fileRef = AD404CCD1707786C00C6CF68 /* PlayScreen_menu-background@2x.png */; };
		AD404CD6170786C800C6CF68 /* PlayScreen_progress-bar-orange.png in Resources */ = {isa = PBXBuildFile; fileRef = AD404CD4170786C800C6CF68 /* PlayScreen_progress-bar-orange.png */; };
		AD404CD7170786C800C6CF68 /* PlayScreen_progress-bar-orange@2x.png in Resources */ = {isa = PBXBuildFile; fileRef = AD404CD5170786C800C6CF68 /* PlayScreen_progress-bar-orange@2x.png */; };
		AD404CDA170786D700C6CF68 /* PlayScreen_progress-bar-base.png in Resources */ = {isa = PBXBuildFile; fileRef = AD404CD8170786D700C6CF68 /* PlayScreen_progress-bar-base.png */; };
		AD404CDB170786D700C6CF68 /* PlayScreen_progress-bar-base@2x.png in Resources */ = {isa = PBXBuildFile; fileRef = AD404CD9170786D700C6CF68 /* PlayScreen_progress-bar-base@2x.png */; };
		AD404CE017078ADC00C6CF68 /* PlayScreen_Next.png in Resources */ = {isa = PBXBuildFile; fileRef = AD404CDC17078ADC00C6CF68 /* PlayScreen_Next.png */; };
		AD404CE117078ADC00C6CF68 /* PlayScreen_Next@2x.png in Resources */ = {isa = PBXBuildFile; fileRef = AD404CDD17078ADC00C6CF68 /* PlayScreen_Next@2x.png */; };
		AD404CE217078ADC00C6CF68 /* PlayScreen_Pause.png in Resources */ = {isa = PBXBuildFile; fileRef = AD404CDE17078ADC00C6CF68 /* PlayScreen_Pause.png */; };
		AD404CE317078ADC00C6CF68 /* PlayScreen_Pause@2x.png in Resources */ = {isa = PBXBuildFile; fileRef = AD404CDF17078ADC00C6CF68 /* PlayScreen_Pause@2x.png */; };
		AD404CE7170793F100C6CF68 /* NSString+GetWorkDone.m in Sources */ = {isa = PBXBuildFile; fileRef = AD404CE6170793F100C6CF68 /* NSString+GetWorkDone.m */; };
		AD404CEF1707941D00C6CF68 /* PlayScreen_Fast.png in Resources */ = {isa = PBXBuildFile; fileRef = AD404CE81707941D00C6CF68 /* PlayScreen_Fast.png */; };
		AD404CF01707941D00C6CF68 /* PlayScreen_Fast@2x.png in Resources */ = {isa = PBXBuildFile; fileRef = AD404CE91707941D00C6CF68 /* PlayScreen_Fast@2x.png */; };
		AD404CF11707941D00C6CF68 /* PlayScreen_Faster.png in Resources */ = {isa = PBXBuildFile; fileRef = AD404CEA1707941D00C6CF68 /* PlayScreen_Faster.png */; };
		AD404CF21707941D00C6CF68 /* PlayScreen_Faster@2x.png in Resources */ = {isa = PBXBuildFile; fileRef = AD404CEB1707941D00C6CF68 /* PlayScreen_Faster@2x.png */; };
		AD404CF31707941D00C6CF68 /* PlayScreen_FasterPressed.png in Resources */ = {isa = PBXBuildFile; fileRef = AD404CEC1707941D00C6CF68 /* PlayScreen_FasterPressed.png */; };
		AD404CF41707941D00C6CF68 /* PlayScreen_FasterPressed@2x.png in Resources */ = {isa = PBXBuildFile; fileRef = AD404CED1707941D00C6CF68 /* PlayScreen_FasterPressed@2x.png */; };
		AD404CF51707941D00C6CF68 /* PlayScreen_FastNotPressed.png in Resources */ = {isa = PBXBuildFile; fileRef = AD404CEE1707941D00C6CF68 /* PlayScreen_FastNotPressed.png */; };
		AD404CF8170794EF00C6CF68 /* PlayScreen_Play.png in Resources */ = {isa = PBXBuildFile; fileRef = AD404CF6170794EF00C6CF68 /* PlayScreen_Play.png */; };
		AD404CF9170794EF00C6CF68 /* PlayScreen_Play@2x.png in Resources */ = {isa = PBXBuildFile; fileRef = AD404CF7170794EF00C6CF68 /* PlayScreen_Play@2x.png */; };
		AD404D00170799BE00C6CF68 /* GWDTitle_Layer-1.png in Resources */ = {isa = PBXBuildFile; fileRef = AD404CFE170799BE00C6CF68 /* GWDTitle_Layer-1.png */; };
		AD404D01170799BE00C6CF68 /* GWDTitle_Layer-1@2x.png in Resources */ = {isa = PBXBuildFile; fileRef = AD404CFF170799BE00C6CF68 /* GWDTitle_Layer-1@2x.png */; };
		AD404D051707A1CF00C6CF68 /* Default-568h@2x.png in Resources */ = {isa = PBXBuildFile; fileRef = AD404D031707A1CF00C6CF68 /* Default-568h@2x.png */; };
		AD404D0D1707A5EB00C6CF68 /* Default.png in Resources */ = {isa = PBXBuildFile; fileRef = AD404D0C1707A5EB00C6CF68 /* Default.png */; };
		ADB044E51707510E00962758 /* UIKit.framework in Frameworks */ = {isa = PBXBuildFile; fileRef = ADB044E41707510E00962758 /* UIKit.framework */; };
		ADB044E71707510E00962758 /* Foundation.framework in Frameworks */ = {isa = PBXBuildFile; fileRef = ADB044E61707510E00962758 /* Foundation.framework */; };
		ADB044E91707510E00962758 /* CoreGraphics.framework in Frameworks */ = {isa = PBXBuildFile; fileRef = ADB044E81707510E00962758 /* CoreGraphics.framework */; };
		ADB044EF1707510E00962758 /* InfoPlist.strings in Resources */ = {isa = PBXBuildFile; fileRef = ADB044ED1707510E00962758 /* InfoPlist.strings */; };
		ADB044F11707510E00962758 /* main.m in Sources */ = {isa = PBXBuildFile; fileRef = ADB044F01707510E00962758 /* main.m */; };
		ADB044F51707510E00962758 /* RVAppDelegate.m in Sources */ = {isa = PBXBuildFile; fileRef = ADB044F41707510E00962758 /* RVAppDelegate.m */; };
		ADB045011707510E00962758 /* RVViewController_iPhone.xib in Resources */ = {isa = PBXBuildFile; fileRef = ADB044FF1707510E00962758 /* RVViewController_iPhone.xib */; };
		ADB045041707510E00962758 /* RVViewController_iPad.xib in Resources */ = {isa = PBXBuildFile; fileRef = ADB045021707510E00962758 /* RVViewController_iPad.xib */; };
		ADB0450C1707510E00962758 /* SenTestingKit.framework in Frameworks */ = {isa = PBXBuildFile; fileRef = ADB0450B1707510E00962758 /* SenTestingKit.framework */; };
		ADB0450D1707510E00962758 /* UIKit.framework in Frameworks */ = {isa = PBXBuildFile; fileRef = ADB044E41707510E00962758 /* UIKit.framework */; };
		ADB0450E1707510E00962758 /* Foundation.framework in Frameworks */ = {isa = PBXBuildFile; fileRef = ADB044E61707510E00962758 /* Foundation.framework */; };
		ADB045161707510E00962758 /* InfoPlist.strings in Resources */ = {isa = PBXBuildFile; fileRef = ADB045141707510E00962758 /* InfoPlist.strings */; };
		ADB045191707510E00962758 /* getWorkDoneTests.m in Sources */ = {isa = PBXBuildFile; fileRef = ADB045181707510E00962758 /* getWorkDoneTests.m */; };
/* End PBXBuildFile section */

/* Begin PBXContainerItemProxy section */
		ADB0450F1707510E00962758 /* PBXContainerItemProxy */ = {
			isa = PBXContainerItemProxy;
			containerPortal = ADB044D91707510D00962758 /* Project object */;
			proxyType = 1;
			remoteGlobalIDString = ADB044E01707510E00962758;
			remoteInfo = getWorkDone;
		};
/* End PBXContainerItemProxy section */

/* Begin PBXFileReference section */
		663558A28DFA44C2B84A3F5B /* Pods.xcconfig */ = {isa = PBXFileReference; includeInIndex = 1; lastKnownFileType = text.xcconfig; name = Pods.xcconfig; path = Pods/Pods.xcconfig; sourceTree = SOURCE_ROOT; };
		AD372E85170751E100D9AB38 /* Rdio.framework */ = {isa = PBXFileReference; lastKnownFileType = wrapper.framework; name = Rdio.framework; path = "../../Downloads/rdio-ios-1.1/Rdio.framework"; sourceTree = "<group>"; };
		AD372E871707520B00D9AB38 /* CFNetwork.framework */ = {isa = PBXFileReference; lastKnownFileType = wrapper.framework; name = CFNetwork.framework; path = System/Library/Frameworks/CFNetwork.framework; sourceTree = SDKROOT; };
		AD372E891707521100D9AB38 /* SystemConfiguration.framework */ = {isa = PBXFileReference; lastKnownFileType = wrapper.framework; name = SystemConfiguration.framework; path = System/Library/Frameworks/SystemConfiguration.framework; sourceTree = SDKROOT; };
		AD372E8B1707521600D9AB38 /* AudioToolbox.framework */ = {isa = PBXFileReference; lastKnownFileType = wrapper.framework; name = AudioToolbox.framework; path = System/Library/Frameworks/AudioToolbox.framework; sourceTree = SDKROOT; };
		AD372E8D1707521B00D9AB38 /* Security.framework */ = {isa = PBXFileReference; lastKnownFileType = wrapper.framework; name = Security.framework; path = System/Library/Frameworks/Security.framework; sourceTree = SDKROOT; };
		AD372E901707535700D9AB38 /* RVViewController.h */ = {isa = PBXFileReference; fileEncoding = 4; lastKnownFileType = sourcecode.c.h; path = RVViewController.h; sourceTree = "<group>"; };
		AD372E911707535700D9AB38 /* RVViewController.m */ = {isa = PBXFileReference; fileEncoding = 4; lastKnownFileType = sourcecode.c.objc; path = RVViewController.m; sourceTree = "<group>"; };
		AD372E981707557D00D9AB38 /* RVRdioManager.h */ = {isa = PBXFileReference; fileEncoding = 4; lastKnownFileType = sourcecode.c.h; path = RVRdioManager.h; sourceTree = "<group>"; };
		AD372E991707557D00D9AB38 /* RVRdioManager.m */ = {isa = PBXFileReference; fileEncoding = 4; lastKnownFileType = sourcecode.c.objc; path = RVRdioManager.m; sourceTree = "<group>"; };
		AD404CB9170757E000C6CF68 /* RVTrack.h */ = {isa = PBXFileReference; fileEncoding = 4; lastKnownFileType = sourcecode.c.h; path = RVTrack.h; sourceTree = "<group>"; };
		AD404CBA170757E000C6CF68 /* RVTrack.m */ = {isa = PBXFileReference; fileEncoding = 4; lastKnownFileType = sourcecode.c.objc; path = RVTrack.m; sourceTree = "<group>"; };
		AD404CBD17075B3700C6CF68 /* RVEchonestAPI.h */ = {isa = PBXFileReference; fileEncoding = 4; lastKnownFileType = sourcecode.c.h; path = RVEchonestAPI.h; sourceTree = "<group>"; };
		AD404CBE17075B3700C6CF68 /* RVEchonestAPI.m */ = {isa = PBXFileReference; fileEncoding = 4; lastKnownFileType = sourcecode.c.objc; path = RVEchonestAPI.m; sourceTree = "<group>"; };
		AD404CCC1707786C00C6CF68 /* PlayScreen_menu-background.png */ = {isa = PBXFileReference; lastKnownFileType = image.png; path = "PlayScreen_menu-background.png"; sourceTree = "<group>"; };
		AD404CCD1707786C00C6CF68 /* PlayScreen_menu-background@2x.png */ = {isa = PBXFileReference; lastKnownFileType = image.png; path = "PlayScreen_menu-background@2x.png"; sourceTree = "<group>"; };
		AD404CD4170786C800C6CF68 /* PlayScreen_progress-bar-orange.png */ = {isa = PBXFileReference; lastKnownFileType = image.png; path = "PlayScreen_progress-bar-orange.png"; sourceTree = "<group>"; };
		AD404CD5170786C800C6CF68 /* PlayScreen_progress-bar-orange@2x.png */ = {isa = PBXFileReference; lastKnownFileType = image.png; path = "PlayScreen_progress-bar-orange@2x.png"; sourceTree = "<group>"; };
		AD404CD8170786D700C6CF68 /* PlayScreen_progress-bar-base.png */ = {isa = PBXFileReference; lastKnownFileType = image.png; path = "PlayScreen_progress-bar-base.png"; sourceTree = "<group>"; };
		AD404CD9170786D700C6CF68 /* PlayScreen_progress-bar-base@2x.png */ = {isa = PBXFileReference; lastKnownFileType = image.png; path = "PlayScreen_progress-bar-base@2x.png"; sourceTree = "<group>"; };
		AD404CDC17078ADC00C6CF68 /* PlayScreen_Next.png */ = {isa = PBXFileReference; lastKnownFileType = image.png; path = PlayScreen_Next.png; sourceTree = "<group>"; };
		AD404CDD17078ADC00C6CF68 /* PlayScreen_Next@2x.png */ = {isa = PBXFileReference; lastKnownFileType = image.png; path = "PlayScreen_Next@2x.png"; sourceTree = "<group>"; };
		AD404CDE17078ADC00C6CF68 /* PlayScreen_Pause.png */ = {isa = PBXFileReference; lastKnownFileType = image.png; path = PlayScreen_Pause.png; sourceTree = "<group>"; };
		AD404CDF17078ADC00C6CF68 /* PlayScreen_Pause@2x.png */ = {isa = PBXFileReference; lastKnownFileType = image.png; path = "PlayScreen_Pause@2x.png"; sourceTree = "<group>"; };
		AD404CE5170793F100C6CF68 /* NSString+GetWorkDone.h */ = {isa = PBXFileReference; fileEncoding = 4; lastKnownFileType = sourcecode.c.h; path = "NSString+GetWorkDone.h"; sourceTree = "<group>"; };
		AD404CE6170793F100C6CF68 /* NSString+GetWorkDone.m */ = {isa = PBXFileReference; fileEncoding = 4; lastKnownFileType = sourcecode.c.objc; path = "NSString+GetWorkDone.m"; sourceTree = "<group>"; };
		AD404CE81707941D00C6CF68 /* PlayScreen_Fast.png */ = {isa = PBXFileReference; lastKnownFileType = image.png; path = PlayScreen_Fast.png; sourceTree = "<group>"; };
		AD404CE91707941D00C6CF68 /* PlayScreen_Fast@2x.png */ = {isa = PBXFileReference; lastKnownFileType = image.png; path = "PlayScreen_Fast@2x.png"; sourceTree = "<group>"; };
		AD404CEA1707941D00C6CF68 /* PlayScreen_Faster.png */ = {isa = PBXFileReference; lastKnownFileType = image.png; path = PlayScreen_Faster.png; sourceTree = "<group>"; };
		AD404CEB1707941D00C6CF68 /* PlayScreen_Faster@2x.png */ = {isa = PBXFileReference; lastKnownFileType = image.png; path = "PlayScreen_Faster@2x.png"; sourceTree = "<group>"; };
		AD404CEC1707941D00C6CF68 /* PlayScreen_FasterPressed.png */ = {isa = PBXFileReference; lastKnownFileType = image.png; path = PlayScreen_FasterPressed.png; sourceTree = "<group>"; };
		AD404CED1707941D00C6CF68 /* PlayScreen_FasterPressed@2x.png */ = {isa = PBXFileReference; lastKnownFileType = image.png; path = "PlayScreen_FasterPressed@2x.png"; sourceTree = "<group>"; };
		AD404CEE1707941D00C6CF68 /* PlayScreen_FastNotPressed.png */ = {isa = PBXFileReference; lastKnownFileType = image.png; path = PlayScreen_FastNotPressed.png; sourceTree = "<group>"; };
		AD404CF6170794EF00C6CF68 /* PlayScreen_Play.png */ = {isa = PBXFileReference; lastKnownFileType = image.png; path = PlayScreen_Play.png; sourceTree = "<group>"; };
		AD404CF7170794EF00C6CF68 /* PlayScreen_Play@2x.png */ = {isa = PBXFileReference; lastKnownFileType = image.png; path = "PlayScreen_Play@2x.png"; sourceTree = "<group>"; };
		AD404CFE170799BE00C6CF68 /* GWDTitle_Layer-1.png */ = {isa = PBXFileReference; lastKnownFileType = image.png; path = "GWDTitle_Layer-1.png"; sourceTree = "<group>"; };
		AD404CFF170799BE00C6CF68 /* GWDTitle_Layer-1@2x.png */ = {isa = PBXFileReference; lastKnownFileType = image.png; path = "GWDTitle_Layer-1@2x.png"; sourceTree = "<group>"; };
		AD404D031707A1CF00C6CF68 /* Default-568h@2x.png */ = {isa = PBXFileReference; lastKnownFileType = image.png; path = "Default-568h@2x.png"; sourceTree = "<group>"; };
		AD404D0C1707A5EB00C6CF68 /* Default.png */ = {isa = PBXFileReference; lastKnownFileType = image.png; path = Default.png; sourceTree = "<group>"; };
		ADB044E11707510E00962758 /* getWorkDone.app */ = {isa = PBXFileReference; explicitFileType = wrapper.application; includeInIndex = 0; path = getWorkDone.app; sourceTree = BUILT_PRODUCTS_DIR; };
		ADB044E41707510E00962758 /* UIKit.framework */ = {isa = PBXFileReference; lastKnownFileType = wrapper.framework; name = UIKit.framework; path = System/Library/Frameworks/UIKit.framework; sourceTree = SDKROOT; };
		ADB044E61707510E00962758 /* Foundation.framework */ = {isa = PBXFileReference; lastKnownFileType = wrapper.framework; name = Foundation.framework; path = System/Library/Frameworks/Foundation.framework; sourceTree = SDKROOT; };
		ADB044E81707510E00962758 /* CoreGraphics.framework */ = {isa = PBXFileReference; lastKnownFileType = wrapper.framework; name = CoreGraphics.framework; path = System/Library/Frameworks/CoreGraphics.framework; sourceTree = SDKROOT; };
		ADB044EC1707510E00962758 /* getWorkDone-Info.plist */ = {isa = PBXFileReference; lastKnownFileType = text.plist.xml; path = "getWorkDone-Info.plist"; sourceTree = "<group>"; };
		ADB044EE1707510E00962758 /* en */ = {isa = PBXFileReference; lastKnownFileType = text.plist.strings; name = en; path = en.lproj/InfoPlist.strings; sourceTree = "<group>"; };
		ADB044F01707510E00962758 /* main.m */ = {isa = PBXFileReference; lastKnownFileType = sourcecode.c.objc; path = main.m; sourceTree = "<group>"; };
		ADB044F21707510E00962758 /* getWorkDone-Prefix.pch */ = {isa = PBXFileReference; lastKnownFileType = sourcecode.c.h; path = "getWorkDone-Prefix.pch"; sourceTree = "<group>"; };
		ADB044F31707510E00962758 /* RVAppDelegate.h */ = {isa = PBXFileReference; lastKnownFileType = sourcecode.c.h; path = RVAppDelegate.h; sourceTree = "<group>"; };
		ADB044F41707510E00962758 /* RVAppDelegate.m */ = {isa = PBXFileReference; lastKnownFileType = sourcecode.c.objc; path = RVAppDelegate.m; sourceTree = "<group>"; };
		ADB045001707510E00962758 /* en */ = {isa = PBXFileReference; lastKnownFileType = file.xib; name = en; path = en.lproj/RVViewController_iPhone.xib; sourceTree = "<group>"; };
		ADB045031707510E00962758 /* en */ = {isa = PBXFileReference; lastKnownFileType = file.xib; name = en; path = en.lproj/RVViewController_iPad.xib; sourceTree = "<group>"; };
		ADB0450A1707510E00962758 /* getWorkDoneTests.octest */ = {isa = PBXFileReference; explicitFileType = wrapper.cfbundle; includeInIndex = 0; path = getWorkDoneTests.octest; sourceTree = BUILT_PRODUCTS_DIR; };
		ADB0450B1707510E00962758 /* SenTestingKit.framework */ = {isa = PBXFileReference; lastKnownFileType = wrapper.framework; name = SenTestingKit.framework; path = Library/Frameworks/SenTestingKit.framework; sourceTree = DEVELOPER_DIR; };
		ADB045131707510E00962758 /* getWorkDoneTests-Info.plist */ = {isa = PBXFileReference; lastKnownFileType = text.plist.xml; path = "getWorkDoneTests-Info.plist"; sourceTree = "<group>"; };
		ADB045151707510E00962758 /* en */ = {isa = PBXFileReference; lastKnownFileType = text.plist.strings; name = en; path = en.lproj/InfoPlist.strings; sourceTree = "<group>"; };
		ADB045171707510E00962758 /* getWorkDoneTests.h */ = {isa = PBXFileReference; lastKnownFileType = sourcecode.c.h; path = getWorkDoneTests.h; sourceTree = "<group>"; };
		ADB045181707510E00962758 /* getWorkDoneTests.m */ = {isa = PBXFileReference; lastKnownFileType = sourcecode.c.objc; path = getWorkDoneTests.m; sourceTree = "<group>"; };
		CD00BB3E762C434285D2C9C8 /* libPods.a */ = {isa = PBXFileReference; explicitFileType = archive.ar; includeInIndex = 0; path = libPods.a; sourceTree = BUILT_PRODUCTS_DIR; };
/* End PBXFileReference section */

/* Begin PBXFrameworksBuildPhase section */
		ADB044DE1707510E00962758 /* Frameworks */ = {
			isa = PBXFrameworksBuildPhase;
			buildActionMask = 2147483647;
			files = (
				AD372E8E1707521B00D9AB38 /* Security.framework in Frameworks */,
				AD372E8C1707521600D9AB38 /* AudioToolbox.framework in Frameworks */,
				AD372E8A1707521100D9AB38 /* SystemConfiguration.framework in Frameworks */,
				AD372E881707520B00D9AB38 /* CFNetwork.framework in Frameworks */,
				ADB044E91707510E00962758 /* CoreGraphics.framework in Frameworks */,
				ADB044E51707510E00962758 /* UIKit.framework in Frameworks */,
				ADB044E71707510E00962758 /* Foundation.framework in Frameworks */,
				961DD8EEE5654737BE60103B /* libPods.a in Frameworks */,
				AD372E86170751E100D9AB38 /* Rdio.framework in Frameworks */,
			);
			runOnlyForDeploymentPostprocessing = 0;
		};
		ADB045061707510E00962758 /* Frameworks */ = {
			isa = PBXFrameworksBuildPhase;
			buildActionMask = 2147483647;
			files = (
				ADB0450C1707510E00962758 /* SenTestingKit.framework in Frameworks */,
				ADB0450D1707510E00962758 /* UIKit.framework in Frameworks */,
				ADB0450E1707510E00962758 /* Foundation.framework in Frameworks */,
			);
			runOnlyForDeploymentPostprocessing = 0;
		};
/* End PBXFrameworksBuildPhase section */

/* Begin PBXGroup section */
		AD372E8F1707531900D9AB38 /* Controllers */ = {
			isa = PBXGroup;
			children = (
				AD372E901707535700D9AB38 /* RVViewController.h */,
				AD372E911707535700D9AB38 /* RVViewController.m */,
				ADB044FF1707510E00962758 /* RVViewController_iPhone.xib */,
				ADB045021707510E00962758 /* RVViewController_iPad.xib */,
			);
			path = Controllers;
			sourceTree = "<group>";
		};
		AD372E971707555F00D9AB38 /* Managers */ = {
			isa = PBXGroup;
			children = (
				AD372E981707557D00D9AB38 /* RVRdioManager.h */,
				AD372E991707557D00D9AB38 /* RVRdioManager.m */,
			);
			path = Managers;
			sourceTree = "<group>";
		};
		AD404CB8170757C200C6CF68 /* Model */ = {
			isa = PBXGroup;
			children = (
				AD404CB9170757E000C6CF68 /* RVTrack.h */,
				AD404CBA170757E000C6CF68 /* RVTrack.m */,
			);
			path = Model;
			sourceTree = "<group>";
		};
		AD404CBC17075AD300C6CF68 /* API */ = {
			isa = PBXGroup;
			children = (
				AD404CBD17075B3700C6CF68 /* RVEchonestAPI.h */,
				AD404CBE17075B3700C6CF68 /* RVEchonestAPI.m */,
			);
			path = API;
			sourceTree = "<group>";
		};
		AD404CC31707772B00C6CF68 /* Ressources */ = {
			isa = PBXGroup;
			children = (
				AD404D0C1707A5EB00C6CF68 /* Default.png */,
				AD404D031707A1CF00C6CF68 /* Default-568h@2x.png */,
				AD404CFE170799BE00C6CF68 /* GWDTitle_Layer-1.png */,
				AD404CFF170799BE00C6CF68 /* GWDTitle_Layer-1@2x.png */,
				AD404CF6170794EF00C6CF68 /* PlayScreen_Play.png */,
				AD404CF7170794EF00C6CF68 /* PlayScreen_Play@2x.png */,
				AD404CE81707941D00C6CF68 /* PlayScreen_Fast.png */,
				AD404CE91707941D00C6CF68 /* PlayScreen_Fast@2x.png */,
				AD404CEA1707941D00C6CF68 /* PlayScreen_Faster.png */,
				AD404CEB1707941D00C6CF68 /* PlayScreen_Faster@2x.png */,
				AD404CEC1707941D00C6CF68 /* PlayScreen_FasterPressed.png */,
				AD404CED1707941D00C6CF68 /* PlayScreen_FasterPressed@2x.png */,
				AD404CEE1707941D00C6CF68 /* PlayScreen_FastNotPressed.png */,
				AD404CDC17078ADC00C6CF68 /* PlayScreen_Next.png */,
				AD404CDD17078ADC00C6CF68 /* PlayScreen_Next@2x.png */,
				AD404CDE17078ADC00C6CF68 /* PlayScreen_Pause.png */,
				AD404CDF17078ADC00C6CF68 /* PlayScreen_Pause@2x.png */,
				AD404CD4170786C800C6CF68 /* PlayScreen_progress-bar-orange.png */,
				AD404CD5170786C800C6CF68 /* PlayScreen_progress-bar-orange@2x.png */,
				AD404CD8170786D700C6CF68 /* PlayScreen_progress-bar-base.png */,
				AD404CD9170786D700C6CF68 /* PlayScreen_progress-bar-base@2x.png */,
				AD404CCC1707786C00C6CF68 /* PlayScreen_menu-background.png */,
				AD404CCD1707786C00C6CF68 /* PlayScreen_menu-background@2x.png */,
			);
			path = Ressources;
			sourceTree = "<group>";
		};
		AD404CE4170793C100C6CF68 /* Utils */ = {
			isa = PBXGroup;
			children = (
				AD404CE5170793F100C6CF68 /* NSString+GetWorkDone.h */,
				AD404CE6170793F100C6CF68 /* NSString+GetWorkDone.m */,
			);
			path = Utils;
			sourceTree = "<group>";
		};
		ADB044D81707510D00962758 = {
			isa = PBXGroup;
			children = (
				AD404CC31707772B00C6CF68 /* Ressources */,
				ADB044EA1707510E00962758 /* getWorkDone */,
				ADB045111707510E00962758 /* getWorkDoneTests */,
				ADB044E31707510E00962758 /* Frameworks */,
				ADB044E21707510E00962758 /* Products */,
				663558A28DFA44C2B84A3F5B /* Pods.xcconfig */,
			);
			sourceTree = "<group>";
		};
		ADB044E21707510E00962758 /* Products */ = {
			isa = PBXGroup;
			children = (
				ADB044E11707510E00962758 /* getWorkDone.app */,
				ADB0450A1707510E00962758 /* getWorkDoneTests.octest */,
			);
			name = Products;
			sourceTree = "<group>";
		};
		ADB044E31707510E00962758 /* Frameworks */ = {
			isa = PBXGroup;
			children = (
				AD372E85170751E100D9AB38 /* Rdio.framework */,
				AD372E8D1707521B00D9AB38 /* Security.framework */,
				AD372E8B1707521600D9AB38 /* AudioToolbox.framework */,
				AD372E891707521100D9AB38 /* SystemConfiguration.framework */,
				AD372E871707520B00D9AB38 /* CFNetwork.framework */,
				ADB044E41707510E00962758 /* UIKit.framework */,
				ADB044E61707510E00962758 /* Foundation.framework */,
				ADB044E81707510E00962758 /* CoreGraphics.framework */,
				ADB0450B1707510E00962758 /* SenTestingKit.framework */,
				CD00BB3E762C434285D2C9C8 /* libPods.a */,
			);
			name = Frameworks;
			sourceTree = "<group>";
		};
		ADB044EA1707510E00962758 /* getWorkDone */ = {
			isa = PBXGroup;
			children = (
				AD404CE4170793C100C6CF68 /* Utils */,
				AD404CBC17075AD300C6CF68 /* API */,
				AD404CB8170757C200C6CF68 /* Model */,
				ADB044F31707510E00962758 /* RVAppDelegate.h */,
				ADB044F41707510E00962758 /* RVAppDelegate.m */,
				AD372E971707555F00D9AB38 /* Managers */,
				AD372E8F1707531900D9AB38 /* Controllers */,
				ADB044EB1707510E00962758 /* Supporting Files */,
			);
			path = getWorkDone;
			sourceTree = "<group>";
		};
		ADB044EB1707510E00962758 /* Supporting Files */ = {
			isa = PBXGroup;
			children = (
				ADB044EC1707510E00962758 /* getWorkDone-Info.plist */,
				ADB044ED1707510E00962758 /* InfoPlist.strings */,
				ADB044F01707510E00962758 /* main.m */,
				ADB044F21707510E00962758 /* getWorkDone-Prefix.pch */,
			);
			name = "Supporting Files";
			sourceTree = "<group>";
		};
		ADB045111707510E00962758 /* getWorkDoneTests */ = {
			isa = PBXGroup;
			children = (
				ADB045171707510E00962758 /* getWorkDoneTests.h */,
				ADB045181707510E00962758 /* getWorkDoneTests.m */,
				ADB045121707510E00962758 /* Supporting Files */,
			);
			path = getWorkDoneTests;
			sourceTree = "<group>";
		};
		ADB045121707510E00962758 /* Supporting Files */ = {
			isa = PBXGroup;
			children = (
				ADB045131707510E00962758 /* getWorkDoneTests-Info.plist */,
				ADB045141707510E00962758 /* InfoPlist.strings */,
			);
			name = "Supporting Files";
			sourceTree = "<group>";
		};
/* End PBXGroup section */

/* Begin PBXNativeTarget section */
		ADB044E01707510E00962758 /* getWorkDone */ = {
			isa = PBXNativeTarget;
			buildConfigurationList = ADB0451C1707510E00962758 /* Build configuration list for PBXNativeTarget "getWorkDone" */;
			buildPhases = (
				ADB044DD1707510E00962758 /* Sources */,
				ADB044DE1707510E00962758 /* Frameworks */,
				ADB044DF1707510E00962758 /* Resources */,
				6552E07C1EE2408B813EA122 /* Copy Pods Resources */,
			);
			buildRules = (
			);
			dependencies = (
			);
			name = getWorkDone;
			productName = getWorkDone;
			productReference = ADB044E11707510E00962758 /* getWorkDone.app */;
			productType = "com.apple.product-type.application";
		};
		ADB045091707510E00962758 /* getWorkDoneTests */ = {
			isa = PBXNativeTarget;
			buildConfigurationList = ADB0451F1707510E00962758 /* Build configuration list for PBXNativeTarget "getWorkDoneTests" */;
			buildPhases = (
				ADB045051707510E00962758 /* Sources */,
				ADB045061707510E00962758 /* Frameworks */,
				ADB045071707510E00962758 /* Resources */,
				ADB045081707510E00962758 /* ShellScript */,
			);
			buildRules = (
			);
			dependencies = (
				ADB045101707510E00962758 /* PBXTargetDependency */,
			);
			name = getWorkDoneTests;
			productName = getWorkDoneTests;
			productReference = ADB0450A1707510E00962758 /* getWorkDoneTests.octest */;
			productType = "com.apple.product-type.bundle";
		};
/* End PBXNativeTarget section */

/* Begin PBXProject section */
		ADB044D91707510D00962758 /* Project object */ = {
			isa = PBXProject;
			attributes = {
				CLASSPREFIX = RV;
				LastUpgradeCheck = 0460;
				ORGANIZATIONNAME = "R√©my Virin";
			};
			buildConfigurationList = ADB044DC1707510D00962758 /* Build configuration list for PBXProject "getWorkDone" */;
			compatibilityVersion = "Xcode 3.2";
			developmentRegion = English;
			hasScannedForEncodings = 0;
			knownRegions = (
				en,
			);
			mainGroup = ADB044D81707510D00962758;
			productRefGroup = ADB044E21707510E00962758 /* Products */;
			projectDirPath = "";
			projectRoot = "";
			targets = (
				ADB044E01707510E00962758 /* getWorkDone */,
				ADB045091707510E00962758 /* getWorkDoneTests */,
			);
		};
/* End PBXProject section */

/* Begin PBXResourcesBuildPhase section */
		ADB044DF1707510E00962758 /* Resources */ = {
			isa = PBXResourcesBuildPhase;
			buildActionMask = 2147483647;
			files = (
				ADB044EF1707510E00962758 /* InfoPlist.strings in Resources */,
				ADB045011707510E00962758 /* RVViewController_iPhone.xib in Resources */,
				ADB045041707510E00962758 /* RVViewController_iPad.xib in Resources */,
				AD404CCE1707786C00C6CF68 /* PlayScreen_menu-background.png in Resources */,
				AD404CCF1707786C00C6CF68 /* PlayScreen_menu-background@2x.png in Resources */,
				AD404CD6170786C800C6CF68 /* PlayScreen_progress-bar-orange.png in Resources */,
				AD404CD7170786C800C6CF68 /* PlayScreen_progress-bar-orange@2x.png in Resources */,
				AD404CDA170786D700C6CF68 /* PlayScreen_progress-bar-base.png in Resources */,
				AD404CDB170786D700C6CF68 /* PlayScreen_progress-bar-base@2x.png in Resources */,
				AD404CE017078ADC00C6CF68 /* PlayScreen_Next.png in Resources */,
				AD404CE117078ADC00C6CF68 /* PlayScreen_Next@2x.png in Resources */,
				AD404CE217078ADC00C6CF68 /* PlayScreen_Pause.png in Resources */,
				AD404CE317078ADC00C6CF68 /* PlayScreen_Pause@2x.png in Resources */,
				AD404CEF1707941D00C6CF68 /* PlayScreen_Fast.png in Resources */,
				AD404CF01707941D00C6CF68 /* PlayScreen_Fast@2x.png in Resources */,
				AD404CF11707941D00C6CF68 /* PlayScreen_Faster.png in Resources */,
				AD404CF21707941D00C6CF68 /* PlayScreen_Faster@2x.png in Resources */,
				AD404CF31707941D00C6CF68 /* PlayScreen_FasterPressed.png in Resources */,
				AD404CF41707941D00C6CF68 /* PlayScreen_FasterPressed@2x.png in Resources */,
				AD404CF51707941D00C6CF68 /* PlayScreen_FastNotPressed.png in Resources */,
				AD404CF8170794EF00C6CF68 /* PlayScreen_Play.png in Resources */,
				AD404CF9170794EF00C6CF68 /* PlayScreen_Play@2x.png in Resources */,
				AD404D00170799BE00C6CF68 /* GWDTitle_Layer-1.png in Resources */,
				AD404D01170799BE00C6CF68 /* GWDTitle_Layer-1@2x.png in Resources */,
				AD404D051707A1CF00C6CF68 /* Default-568h@2x.png in Resources */,
				AD404D0D1707A5EB00C6CF68 /* Default.png in Resources */,
			);
			runOnlyForDeploymentPostprocessing = 0;
		};
		ADB045071707510E00962758 /* Resources */ = {
			isa = PBXResourcesBuildPhase;
			buildActionMask = 2147483647;
			files = (
				ADB045161707510E00962758 /* InfoPlist.strings in Resources */,
			);
			runOnlyForDeploymentPostprocessing = 0;
		};
/* End PBXResourcesBuildPhase section */

/* Begin PBXShellScriptBuildPhase section */
		6552E07C1EE2408B813EA122 /* Copy Pods Resources */ = {
			isa = PBXShellScriptBuildPhase;
			buildActionMask = 2147483647;
			files = (
			);
			inputPaths = (
			);
			name = "Copy Pods Resources";
			outputPaths = (
			);
			runOnlyForDeploymentPostprocessing = 0;
			shellPath = /bin/sh;
			shellScript = "\"${SRCROOT}/Pods/Pods-resources.sh\"\n";
		};
		ADB045081707510E00962758 /* ShellScript */ = {
			isa = PBXShellScriptBuildPhase;
			buildActionMask = 2147483647;
			files = (
			);
			inputPaths = (
			);
			outputPaths = (
			);
			runOnlyForDeploymentPostprocessing = 0;
			shellPath = /bin/sh;
			shellScript = "# Run the unit tests in this test bundle.\n\"${SYSTEM_DEVELOPER_DIR}/Tools/RunUnitTests\"\n";
		};
/* End PBXShellScriptBuildPhase section */

/* Begin PBXSourcesBuildPhase section */
		ADB044DD1707510E00962758 /* Sources */ = {
			isa = PBXSourcesBuildPhase;
			buildActionMask = 2147483647;
			files = (
				ADB044F11707510E00962758 /* main.m in Sources */,
				ADB044F51707510E00962758 /* RVAppDelegate.m in Sources */,
				AD372E921707535700D9AB38 /* RVViewController.m in Sources */,
				AD372E9A1707557D00D9AB38 /* RVRdioManager.m in Sources */,
				AD404CBB170757E000C6CF68 /* RVTrack.m in Sources */,
				AD404CBF17075B3700C6CF68 /* RVEchonestAPI.m in Sources */,
				AD404CE7170793F100C6CF68 /* NSString+GetWorkDone.m in Sources */,
			);
			runOnlyForDeploymentPostprocessing = 0;
		};
		ADB045051707510E00962758 /* Sources */ = {
			isa = PBXSourcesBuildPhase;
			buildActionMask = 2147483647;
			files = (
				ADB045191707510E00962758 /* getWorkDoneTests.m in Sources */,
			);
			runOnlyForDeploymentPostprocessing = 0;
		};
/* End PBXSourcesBuildPhase section */

/* Begin PBXTargetDependency section */
		ADB045101707510E00962758 /* PBXTargetDependency */ = {
			isa = PBXTargetDependency;
			target = ADB044E01707510E00962758 /* getWorkDone */;
			targetProxy = ADB0450F1707510E00962758 /* PBXContainerItemProxy */;
		};
/* End PBXTargetDependency section */

/* Begin PBXVariantGroup section */
		ADB044ED1707510E00962758 /* InfoPlist.strings */ = {
			isa = PBXVariantGroup;
			children = (
				ADB044EE1707510E00962758 /* en */,
			);
			name = InfoPlist.strings;
			sourceTree = "<group>";
		};
		ADB044FF1707510E00962758 /* RVViewController_iPhone.xib */ = {
			isa = PBXVariantGroup;
			children = (
				ADB045001707510E00962758 /* en */,
			);
			name = RVViewController_iPhone.xib;
			path = ..;
			sourceTree = "<group>";
		};
		ADB045021707510E00962758 /* RVViewController_iPad.xib */ = {
			isa = PBXVariantGroup;
			children = (
				ADB045031707510E00962758 /* en */,
			);
			name = RVViewController_iPad.xib;
			path = ..;
			sourceTree = "<group>";
		};
		ADB045141707510E00962758 /* InfoPlist.strings */ = {
			isa = PBXVariantGroup;
			children = (
				ADB045151707510E00962758 /* en */,
			);
			name = InfoPlist.strings;
			sourceTree = "<group>";
		};
/* End PBXVariantGroup section */

/* Begin XCBuildConfiguration section */
		ADB0451A1707510E00962758 /* Debug */ = {
			isa = XCBuildConfiguration;
			buildSettings = {
				ALWAYS_SEARCH_USER_PATHS = NO;
				CLANG_CXX_LANGUAGE_STANDARD = "gnu++0x";
				CLANG_CXX_LIBRARY = "libc++";
				CLANG_ENABLE_OBJC_ARC = YES;
				CLANG_WARN_CONSTANT_CONVERSION = YES;
				CLANG_WARN_EMPTY_BODY = YES;
				CLANG_WARN_ENUM_CONVERSION = YES;
				CLANG_WARN_INT_CONVERSION = YES;
				CLANG_WARN__DUPLICATE_METHOD_MATCH = YES;
				"CODE_SIGN_IDENTITY[sdk=iphoneos*]" = "iPhone Developer";
				COPY_PHASE_STRIP = NO;
				GCC_C_LANGUAGE_STANDARD = gnu99;
				GCC_DYNAMIC_NO_PIC = NO;
				GCC_OPTIMIZATION_LEVEL = 0;
				GCC_PREPROCESSOR_DEFINITIONS = (
					"DEBUG=1",
					"$(inherited)",
				);
				GCC_SYMBOLS_PRIVATE_EXTERN = NO;
				GCC_WARN_ABOUT_RETURN_TYPE = YES;
				GCC_WARN_UNINITIALIZED_AUTOS = YES;
				GCC_WARN_UNUSED_VARIABLE = YES;
				IPHONEOS_DEPLOYMENT_TARGET = 6.1;
				ONLY_ACTIVE_ARCH = YES;
				SDKROOT = iphoneos;
				TARGETED_DEVICE_FAMILY = "1,2";
			};
			name = Debug;
		};
		ADB0451B1707510E00962758 /* Release */ = {
			isa = XCBuildConfiguration;
			buildSettings = {
				ALWAYS_SEARCH_USER_PATHS = NO;
				CLANG_CXX_LANGUAGE_STANDARD = "gnu++0x";
				CLANG_CXX_LIBRARY = "libc++";
				CLANG_ENABLE_OBJC_ARC = YES;
				CLANG_WARN_CONSTANT_CONVERSION = YES;
				CLANG_WARN_EMPTY_BODY = YES;
				CLANG_WARN_ENUM_CONVERSION = YES;
				CLANG_WARN_INT_CONVERSION = YES;
				CLANG_WARN__DUPLICATE_METHOD_MATCH = YES;
				"CODE_SIGN_IDENTITY[sdk=iphoneos*]" = "iPhone Developer";
				COPY_PHASE_STRIP = YES;
				GCC_C_LANGUAGE_STANDARD = gnu99;
				GCC_WARN_ABOUT_RETURN_TYPE = YES;
				GCC_WARN_UNINITIALIZED_AUTOS = YES;
				GCC_WARN_UNUSED_VARIABLE = YES;
				IPHONEOS_DEPLOYMENT_TARGET = 6.1;
				OTHER_CFLAGS = "-DNS_BLOCK_ASSERTIONS=1";
				SDKROOT = iphoneos;
				TARGETED_DEVICE_FAMILY = "1,2";
				VALIDATE_PRODUCT = YES;
			};
			name = Release;
		};
		ADB0451D1707510E00962758 /* Debug */ = {
			isa = XCBuildConfiguration;
			baseConfigurationReference = 663558A28DFA44C2B84A3F5B /* Pods.xcconfig */;
			buildSettings = {
				FRAMEWORK_SEARCH_PATHS = (
					"$(inherited)",
					"\"$(SRCROOT)/../../Downloads/rdio-ios-1.1\"",
				);
				GCC_PRECOMPILE_PREFIX_HEADER = YES;
				GCC_PREFIX_HEADER = "getWorkDone/getWorkDone-Prefix.pch";
				INFOPLIST_FILE = "getWorkDone/getWorkDone-Info.plist";
				OTHER_LDFLAGS = (
					"-ObjC",
					"-framework",
					MobileCoreServices,
					"-framework",
					SystemConfiguration,
					"-all_load",
				);
				PRODUCT_NAME = "$(TARGET_NAME)";
				WRAPPER_EXTENSION = app;
			};
			name = Debug;
		};
		ADB0451E1707510E00962758 /* Release */ = {
			isa = XCBuildConfiguration;
			baseConfigurationReference = 663558A28DFA44C2B84A3F5B /* Pods.xcconfig */;
			buildSettings = {
				FRAMEWORK_SEARCH_PATHS = (
					"$(inherited)",
					"\"$(SRCROOT)/../../Downloads/rdio-ios-1.1\"",
				);
				GCC_PRECOMPILE_PREFIX_HEADER = YES;
				GCC_PREFIX_HEADER = "getWorkDone/getWorkDone-Prefix.pch";
				INFOPLIST_FILE = "getWorkDone/getWorkDone-Info.plist";
				OTHER_LDFLAGS = (
					"-ObjC",
					"-framework",
					MobileCoreServices,
					"-framework",
					SystemConfiguration,
					"-all_load",
				);
				PRODUCT_NAME = "$(TARGET_NAME)";
				WRAPPER_EXTENSION = app;
			};
			name = Release;
		};
		ADB045201707510E00962758 /* Debug */ = {
			isa = XCBuildConfiguration;
			buildSettings = {
				BUNDLE_LOADER = "$(BUILT_PRODUCTS_DIR)/getWorkDone.app/getWorkDone";
				FRAMEWORK_SEARCH_PATHS = (
					"\"$(SDKROOT)/Developer/Library/Frameworks\"",
					"\"$(DEVELOPER_LIBRARY_DIR)/Frameworks\"",
				);
				GCC_PRECOMPILE_PREFIX_HEADER = YES;
				GCC_PREFIX_HEADER = "getWorkDone/getWorkDone-Prefix.pch";
				INFOPLIST_FILE = "getWorkDoneTests/getWorkDoneTests-Info.plist";
				PRODUCT_NAME = "$(TARGET_NAME)";
				TEST_HOST = "$(BUNDLE_LOADER)";
				WRAPPER_EXTENSION = octest;
			};
			name = Debug;
		};
		ADB045211707510E00962758 /* Release */ = {
			isa = XCBuildConfiguration;
			buildSettings = {
				BUNDLE_LOADER = "$(BUILT_PRODUCTS_DIR)/getWorkDone.app/getWorkDone";
				FRAMEWORK_SEARCH_PATHS = (
					"\"$(SDKROOT)/Developer/Library/Frameworks\"",
					"\"$(DEVELOPER_LIBRARY_DIR)/Frameworks\"",
				);
				GCC_PRECOMPILE_PREFIX_HEADER = YES;
				GCC_PREFIX_HEADER = "getWorkDone/getWorkDone-Prefix.pch";
				INFOPLIST_FILE = "getWorkDoneTests/getWorkDoneTests-Info.plist";
				PRODUCT_NAME = "$(TARGET_NAME)";
				TEST_HOST = "$(BUNDLE_LOADER)";
				WRAPPER_EXTENSION = octest;
			};
			name = Release;
		};
/* End XCBuildConfiguration section */

/* Begin XCConfigurationList section */
		ADB044DC1707510D00962758 /* Build configuration list for PBXProject "getWorkDone" */ = {
			isa = XCConfigurationList;
			buildConfigurations = (
				ADB0451A1707510E00962758 /* Debug */,
				ADB0451B1707510E00962758 /* Release */,
			);
			defaultConfigurationIsVisible = 0;
			defaultConfigurationName = Release;
		};
		ADB0451C1707510E00962758 /* Build configuration list for PBXNativeTarget "getWorkDone" */ = {
			isa = XCConfigurationList;
			buildConfigurations = (
				ADB0451D1707510E00962758 /* Debug */,
				ADB0451E1707510E00962758 /* Release */,
			);
			defaultConfigurationIsVisible = 0;
			defaultConfigurationName = Release;
		};
		ADB0451F1707510E00962758 /* Build configuration list for PBXNativeTarget "getWorkDoneTests" */ = {
			isa = XCConfigurationList;
			buildConfigurations = (
				ADB045201707510E00962758 /* Debug */,
				ADB045211707510E00962758 /* Release */,
			);
			defaultConfigurationIsVisible = 0;
			defaultConfigurationName = Release;
		};
/* End XCConfigurationList section */
	};
	rootObject = ADB044D91707510D00962758 /* Project object */;
}
